
Microsoft Visual Studio Solution File, Format Version 12.00
# Visual Studio Version 17
VisualStudioVersion = 17.0.32112.339
MinimumVisualStudioVersion = 10.0.40219.1
Project("{FAE04EC0-301F-11D3-BF4B-00C04F79EFBC}") = "Banco", "Banco.csproj", "{673F0659-8165-46A5-9EBE-09C273D2E1F5}"
EndProject
Global
	GlobalSection(SolutionConfigurationPlatforms) = preSolution
		Debug|Any CPU = Debug|Any CPU
		Release|Any CPU = Release|Any CPU
	EndGlobalSection
	GlobalSection(ProjectConfigurationPlatforms) = postSolution
		{673F0659-8165-46A5-9EBE-09C273D2E1F5}.Debug|Any CPU.ActiveCfg = Debug|Any CPU
		{673F0659-8165-46A5-9EBE-09C273D2E1F5}.Debug|Any CPU.Build.0 = Debug|Any CPU
		{673F0659-8165-46A5-9EBE-09C273D2E1F5}.Release|Any CPU.ActiveCfg = Release|Any CPU
		{673F0659-8165-46A5-9EBE-09C273D2E1F5}.Release|Any CPU.Build.0 = Release|Any CPU
	EndGlobalSection
	GlobalSection(SolutionProperties) = preSolution
		HideSolutionNode = FALSE
	EndGlobalSection
	GlobalSection(ExtensibilityGlobals) = postSolution
		SolutionGuid = {6C199942-FE90-458D-AA9F-85BAA7B73D6D}
	EndGlobalSection
EndGlobal
